
Microsoft Visual Studio Solution File, Format Version 12.00
# Visual Studio 2012
Project("{8BC9CEB8-8B4A-11D0-8D11-00A0C91BC942}") = "NSdown", "NSdown.vcxproj", "{FE51110F-82BE-423E-800C-F5951C998D22}"
EndProject
Global
	GlobalSection(SolutionConfigurationPlatforms) = preSolution
		DebugW|Win32 = DebugW|Win32
		ReleaseW|Win32 = ReleaseW|Win32
	EndGlobalSection
	GlobalSection(ProjectConfigurationPlatforms) = postSolution
		{FE51110F-82BE-423E-800C-F5951C998D22}.DebugW|Win32.ActiveCfg = DebugW|Win32
		{FE51110F-82BE-423E-800C-F5951C998D22}.DebugW|Win32.Build.0 = DebugW|Win32
		{FE51110F-82BE-423E-800C-F5951C998D22}.DebugW|Win32.Deploy.0 = DebugW|Win32
		{FE51110F-82BE-423E-800C-F5951C998D22}.ReleaseW|Win32.ActiveCfg = ReleaseW|Win32
		{FE51110F-82BE-423E-800C-F5951C998D22}.ReleaseW|Win32.Build.0 = ReleaseW|Win32
		{FE51110F-82BE-423E-800C-F5951C998D22}.ReleaseW|Win32.Deploy.0 = ReleaseW|Win32
	EndGlobalSection
	GlobalSection(SolutionProperties) = preSolution
		HideSolutionNode = FALSE
	EndGlobalSection
EndGlobal
